{
  "requires": true,
  "lockfileVersion": 1,
  "dependencies": {
    "serverless-plugin-aws-cn-principal": {
      "version": "0.0.1",
      "resolved": "https://registry.npmjs.org/serverless-plugin-aws-cn-principal/-/serverless-plugin-aws-cn-principal-0.0.1.tgz",
      "integrity": "sha512-VTst6TotSUjvJ6WKQKOtCiqTG4oZMq2WtgwVHbsYIW61r0CmEjCwoHI/V+99EwDNJ+Y1lu4s8sOqz9sW9/+0yg=="
    }
  }
}
